
Microsoft Visual Studio Solution File, Format Version 12.00
# Visual Studio Version 17
VisualStudioVersion = 17.11.35312.102
MinimumVisualStudioVersion = 10.0.40219.1
Project("{FAE04EC0-301F-11D3-BF4B-00C04F79EFBC}") = "Fall2024-Assignment2-cyrusg", "Fall2024-Assignment2-cyrusg.csproj", "{F5881A82-3EE3-4AE2-9F8C-718F71F74F6E}"
EndProject
Global
	GlobalSection(SolutionConfigurationPlatforms) = preSolution
		Debug|Any CPU = Debug|Any CPU
		Release|Any CPU = Release|Any CPU
	EndGlobalSection
	GlobalSection(ProjectConfigurationPlatforms) = postSolution
		{F5881A82-3EE3-4AE2-9F8C-718F71F74F6E}.Debug|Any CPU.ActiveCfg = Debug|Any CPU
		{F5881A82-3EE3-4AE2-9F8C-718F71F74F6E}.Debug|Any CPU.Build.0 = Debug|Any CPU
		{F5881A82-3EE3-4AE2-9F8C-718F71F74F6E}.Release|Any CPU.ActiveCfg = Release|Any CPU
		{F5881A82-3EE3-4AE2-9F8C-718F71F74F6E}.Release|Any CPU.Build.0 = Release|Any CPU
	EndGlobalSection
	GlobalSection(SolutionProperties) = preSolution
		HideSolutionNode = FALSE
	EndGlobalSection
	GlobalSection(ExtensibilityGlobals) = postSolution
		SolutionGuid = {C2974B40-3AB0-4F60-A11A-1E8745BF7C3D}
	EndGlobalSection
EndGlobal
